
Microsoft Visual Studio Solution File, Format Version 12.00
# Visual Studio Version 17
VisualStudioVersion = 17.0.31611.283
MinimumVisualStudioVersion = 10.0.40219.1
Project("{9A19103F-16F7-4668-BE54-9A1E7A4F7556}") = "DataBinding.XAMLElement", "DataBinding.XAMLElement\DataBinding.XAMLElement.csproj", "{54284379-0FD1-4100-86F5-3D4014B5BEFD}"
EndProject
Project("{FAE04EC0-301F-11D3-BF4B-00C04F79EFBC}") = "DataBinding.DataCollection", "DataBinding.DataCollection\DataBinding.DataCollection.csproj", "{D1FC8557-2B52-406C-80B3-4BEDE1F06BD5}"
EndProject
Global
	GlobalSection(SolutionConfigurationPlatforms) = preSolution
		Debug|Any CPU = Debug|Any CPU
		Release|Any CPU = Release|Any CPU
	EndGlobalSection
	GlobalSection(ProjectConfigurationPlatforms) = postSolution
		{54284379-0FD1-4100-86F5-3D4014B5BEFD}.Debug|Any CPU.ActiveCfg = Debug|Any CPU
		{54284379-0FD1-4100-86F5-3D4014B5BEFD}.Debug|Any CPU.Build.0 = Debug|Any CPU
		{54284379-0FD1-4100-86F5-3D4014B5BEFD}.Debug|Any CPU.Deploy.0 = Debug|Any CPU
		{54284379-0FD1-4100-86F5-3D4014B5BEFD}.Release|Any CPU.ActiveCfg = Release|Any CPU
		{54284379-0FD1-4100-86F5-3D4014B5BEFD}.Release|Any CPU.Build.0 = Release|Any CPU
		{54284379-0FD1-4100-86F5-3D4014B5BEFD}.Release|Any CPU.Deploy.0 = Release|Any CPU
		{D1FC8557-2B52-406C-80B3-4BEDE1F06BD5}.Debug|Any CPU.ActiveCfg = Debug|Any CPU
		{D1FC8557-2B52-406C-80B3-4BEDE1F06BD5}.Debug|Any CPU.Build.0 = Debug|Any CPU
		{D1FC8557-2B52-406C-80B3-4BEDE1F06BD5}.Debug|Any CPU.Deploy.0 = Debug|Any CPU
		{D1FC8557-2B52-406C-80B3-4BEDE1F06BD5}.Release|Any CPU.ActiveCfg = Release|Any CPU
		{D1FC8557-2B52-406C-80B3-4BEDE1F06BD5}.Release|Any CPU.Build.0 = Release|Any CPU
		{D1FC8557-2B52-406C-80B3-4BEDE1F06BD5}.Release|Any CPU.Deploy.0 = Release|Any CPU
	EndGlobalSection
	GlobalSection(SolutionProperties) = preSolution
		HideSolutionNode = FALSE
	EndGlobalSection
	GlobalSection(ExtensibilityGlobals) = postSolution
		SolutionGuid = {61F7FB11-1E47-470C-91E2-47F8143E1572}
	EndGlobalSection
EndGlobal
